
Microsoft Visual Studio Solution File, Format Version 12.00
# Visual Studio Version 16
VisualStudioVersion = 16.6.30114.105
MinimumVisualStudioVersion = 10.0.40219.1
Project("{9A19103F-16F7-4668-BE54-9A1E7A4F7556}") = "_build", "build\_build.csproj", "{0AD790E0-6AA2-48AD-B9A2-EA29F0D35A77}"
EndProject
Project("{9A19103F-16F7-4668-BE54-9A1E7A4F7556}") = "mxwlf.io.filesystem", "src\mxwlf.io.filesystem\mxwlf.io.filesystem.csproj", "{9DD4D45A-4AA0-4E20-BDA7-D8E24D8AF55D}"
EndProject
Global
	GlobalSection(SolutionConfigurationPlatforms) = preSolution
		Debug|Any CPU = Debug|Any CPU
		Debug|x64 = Debug|x64
		Debug|x86 = Debug|x86
		Release|Any CPU = Release|Any CPU
		Release|x64 = Release|x64
		Release|x86 = Release|x86
	EndGlobalSection
	GlobalSection(ProjectConfigurationPlatforms) = postSolution
		{0AD790E0-6AA2-48AD-B9A2-EA29F0D35A77}.Debug|Any CPU.ActiveCfg = Debug|Any CPU
		{0AD790E0-6AA2-48AD-B9A2-EA29F0D35A77}.Debug|x64.ActiveCfg = Debug|Any CPU
		{0AD790E0-6AA2-48AD-B9A2-EA29F0D35A77}.Debug|x64.Build.0 = Debug|Any CPU
		{0AD790E0-6AA2-48AD-B9A2-EA29F0D35A77}.Debug|x86.ActiveCfg = Debug|Any CPU
		{0AD790E0-6AA2-48AD-B9A2-EA29F0D35A77}.Debug|x86.Build.0 = Debug|Any CPU
		{0AD790E0-6AA2-48AD-B9A2-EA29F0D35A77}.Release|Any CPU.ActiveCfg = Release|Any CPU
		{0AD790E0-6AA2-48AD-B9A2-EA29F0D35A77}.Release|x64.ActiveCfg = Release|Any CPU
		{0AD790E0-6AA2-48AD-B9A2-EA29F0D35A77}.Release|x64.Build.0 = Release|Any CPU
		{0AD790E0-6AA2-48AD-B9A2-EA29F0D35A77}.Release|x86.ActiveCfg = Release|Any CPU
		{0AD790E0-6AA2-48AD-B9A2-EA29F0D35A77}.Release|x86.Build.0 = Release|Any CPU
		{9DD4D45A-4AA0-4E20-BDA7-D8E24D8AF55D}.Debug|Any CPU.ActiveCfg = Debug|Any CPU
		{9DD4D45A-4AA0-4E20-BDA7-D8E24D8AF55D}.Debug|Any CPU.Build.0 = Debug|Any CPU
		{9DD4D45A-4AA0-4E20-BDA7-D8E24D8AF55D}.Debug|x64.ActiveCfg = Debug|Any CPU
		{9DD4D45A-4AA0-4E20-BDA7-D8E24D8AF55D}.Debug|x64.Build.0 = Debug|Any CPU
		{9DD4D45A-4AA0-4E20-BDA7-D8E24D8AF55D}.Debug|x86.ActiveCfg = Debug|Any CPU
		{9DD4D45A-4AA0-4E20-BDA7-D8E24D8AF55D}.Debug|x86.Build.0 = Debug|Any CPU
		{9DD4D45A-4AA0-4E20-BDA7-D8E24D8AF55D}.Release|Any CPU.ActiveCfg = Release|Any CPU
		{9DD4D45A-4AA0-4E20-BDA7-D8E24D8AF55D}.Release|Any CPU.Build.0 = Release|Any CPU
		{9DD4D45A-4AA0-4E20-BDA7-D8E24D8AF55D}.Release|x64.ActiveCfg = Release|Any CPU
		{9DD4D45A-4AA0-4E20-BDA7-D8E24D8AF55D}.Release|x64.Build.0 = Release|Any CPU
		{9DD4D45A-4AA0-4E20-BDA7-D8E24D8AF55D}.Release|x86.ActiveCfg = Release|Any CPU
		{9DD4D45A-4AA0-4E20-BDA7-D8E24D8AF55D}.Release|x86.Build.0 = Release|Any CPU
	EndGlobalSection
	GlobalSection(SolutionProperties) = preSolution
		HideSolutionNode = FALSE
	EndGlobalSection
	GlobalSection(ExtensibilityGlobals) = postSolution
		SolutionGuid = {4CBCFD39-925C-4128-A338-4B957F7BCE27}
	EndGlobalSection
EndGlobal
